
Microsoft Visual Studio Solution File, Format Version 12.00
Project("{FAE04EC0-301F-11D3-BF4B-00C04F79EFBC}") = "Library", "Library\Library.csproj", "{EF77E117-ED1E-451C-857F-800FA0F606E7}"
EndProject
Project("{FAE04EC0-301F-11D3-BF4B-00C04F79EFBC}") = "Shop", "Shop\Shop.csproj", "{03F0FB9A-721A-4654-8DB3-827D594D0641}"
EndProject
Global
	GlobalSection(SolutionConfigurationPlatforms) = preSolution
		Debug|Any CPU = Debug|Any CPU
		Release|Any CPU = Release|Any CPU
	EndGlobalSection
	GlobalSection(ProjectConfigurationPlatforms) = postSolution
		{EF77E117-ED1E-451C-857F-800FA0F606E7}.Debug|Any CPU.ActiveCfg = Debug|Any CPU
		{EF77E117-ED1E-451C-857F-800FA0F606E7}.Debug|Any CPU.Build.0 = Debug|Any CPU
		{EF77E117-ED1E-451C-857F-800FA0F606E7}.Release|Any CPU.ActiveCfg = Release|Any CPU
		{EF77E117-ED1E-451C-857F-800FA0F606E7}.Release|Any CPU.Build.0 = Release|Any CPU
		{03F0FB9A-721A-4654-8DB3-827D594D0641}.Debug|Any CPU.ActiveCfg = Debug|Any CPU
		{03F0FB9A-721A-4654-8DB3-827D594D0641}.Debug|Any CPU.Build.0 = Debug|Any CPU
		{03F0FB9A-721A-4654-8DB3-827D594D0641}.Release|Any CPU.ActiveCfg = Release|Any CPU
		{03F0FB9A-721A-4654-8DB3-827D594D0641}.Release|Any CPU.Build.0 = Release|Any CPU
	EndGlobalSection
EndGlobal
