
Microsoft Visual Studio Solution File, Format Version 12.00
# Visual Studio Version 17
VisualStudioVersion = 17.7.34221.43
MinimumVisualStudioVersion = 10.0.40219.1
Project("{FAE04EC0-301F-11D3-BF4B-00C04F79EFBC}") = "GeometricFigures", "GeometricFigures\GeometricFigures.csproj", "{ABFAA515-2F7D-4592-B876-67ED08063FF7}"
EndProject
Project("{FAE04EC0-301F-11D3-BF4B-00C04F79EFBC}") = "Hospital", "Hospital\Hospital.csproj", "{529D468D-F3E7-4147-AD36-F5C75425D6C7}"
EndProject
Project("{FAE04EC0-301F-11D3-BF4B-00C04F79EFBC}") = "TransportPark", "TransportPark\TransportPark.csproj", "{11D36BA2-BF0E-486E-ABE1-30EFD77A76E4}"
EndProject
Global
	GlobalSection(SolutionConfigurationPlatforms) = preSolution
		Debug|Any CPU = Debug|Any CPU
		Release|Any CPU = Release|Any CPU
	EndGlobalSection
	GlobalSection(ProjectConfigurationPlatforms) = postSolution
		{C2772E65-6A74-4A2D-80A5-134D3787EA34}.Debug|Any CPU.ActiveCfg = Debug|Any CPU
		{C2772E65-6A74-4A2D-80A5-134D3787EA34}.Debug|Any CPU.Build.0 = Debug|Any CPU
		{C2772E65-6A74-4A2D-80A5-134D3787EA34}.Release|Any CPU.ActiveCfg = Release|Any CPU
		{C2772E65-6A74-4A2D-80A5-134D3787EA34}.Release|Any CPU.Build.0 = Release|Any CPU
		{79E2B330-CA81-4513-AC3E-B6172FE70D5A}.Debug|Any CPU.ActiveCfg = Debug|Any CPU
		{79E2B330-CA81-4513-AC3E-B6172FE70D5A}.Debug|Any CPU.Build.0 = Debug|Any CPU
		{79E2B330-CA81-4513-AC3E-B6172FE70D5A}.Release|Any CPU.ActiveCfg = Release|Any CPU
		{79E2B330-CA81-4513-AC3E-B6172FE70D5A}.Release|Any CPU.Build.0 = Release|Any CPU
		{ABFAA515-2F7D-4592-B876-67ED08063FF7}.Debug|Any CPU.ActiveCfg = Debug|Any CPU
		{ABFAA515-2F7D-4592-B876-67ED08063FF7}.Debug|Any CPU.Build.0 = Debug|Any CPU
		{ABFAA515-2F7D-4592-B876-67ED08063FF7}.Release|Any CPU.ActiveCfg = Release|Any CPU
		{ABFAA515-2F7D-4592-B876-67ED08063FF7}.Release|Any CPU.Build.0 = Release|Any CPU
		{529D468D-F3E7-4147-AD36-F5C75425D6C7}.Debug|Any CPU.ActiveCfg = Debug|Any CPU
		{529D468D-F3E7-4147-AD36-F5C75425D6C7}.Debug|Any CPU.Build.0 = Debug|Any CPU
		{529D468D-F3E7-4147-AD36-F5C75425D6C7}.Release|Any CPU.ActiveCfg = Release|Any CPU
		{529D468D-F3E7-4147-AD36-F5C75425D6C7}.Release|Any CPU.Build.0 = Release|Any CPU
		{11D36BA2-BF0E-486E-ABE1-30EFD77A76E4}.Debug|Any CPU.ActiveCfg = Debug|Any CPU
		{11D36BA2-BF0E-486E-ABE1-30EFD77A76E4}.Debug|Any CPU.Build.0 = Debug|Any CPU
		{11D36BA2-BF0E-486E-ABE1-30EFD77A76E4}.Release|Any CPU.ActiveCfg = Release|Any CPU
		{11D36BA2-BF0E-486E-ABE1-30EFD77A76E4}.Release|Any CPU.Build.0 = Release|Any CPU
	EndGlobalSection
	GlobalSection(SolutionProperties) = preSolution
		HideSolutionNode = FALSE
	EndGlobalSection
	GlobalSection(ExtensibilityGlobals) = postSolution
		SolutionGuid = {D073B77B-3484-4223-915C-FF705F30DC66}
	EndGlobalSection
EndGlobal
