
Microsoft Visual Studio Solution File, Format Version 12.00
# Visual Studio Version 17
VisualStudioVersion = 17.7.34221.43
MinimumVisualStudioVersion = 10.0.40219.1
Project("{FAE04EC0-301F-11D3-BF4B-00C04F79EFBC}") = "AllureHM", "AllureHM\AllureHM.csproj", "{88F13E1E-82E3-40A2-B88E-8F93A48EF077}"
EndProject
Global
	GlobalSection(SolutionConfigurationPlatforms) = preSolution
		Debug|Any CPU = Debug|Any CPU
		Release|Any CPU = Release|Any CPU
	EndGlobalSection
	GlobalSection(ProjectConfigurationPlatforms) = postSolution
		{C2772E65-6A74-4A2D-80A5-134D3787EA34}.Debug|Any CPU.ActiveCfg = Debug|Any CPU
		{C2772E65-6A74-4A2D-80A5-134D3787EA34}.Debug|Any CPU.Build.0 = Debug|Any CPU
		{C2772E65-6A74-4A2D-80A5-134D3787EA34}.Release|Any CPU.ActiveCfg = Release|Any CPU
		{C2772E65-6A74-4A2D-80A5-134D3787EA34}.Release|Any CPU.Build.0 = Release|Any CPU
		{79E2B330-CA81-4513-AC3E-B6172FE70D5A}.Debug|Any CPU.ActiveCfg = Debug|Any CPU
		{79E2B330-CA81-4513-AC3E-B6172FE70D5A}.Debug|Any CPU.Build.0 = Debug|Any CPU
		{79E2B330-CA81-4513-AC3E-B6172FE70D5A}.Release|Any CPU.ActiveCfg = Release|Any CPU
		{79E2B330-CA81-4513-AC3E-B6172FE70D5A}.Release|Any CPU.Build.0 = Release|Any CPU
		{88F13E1E-82E3-40A2-B88E-8F93A48EF077}.Debug|Any CPU.ActiveCfg = Debug|Any CPU
		{88F13E1E-82E3-40A2-B88E-8F93A48EF077}.Debug|Any CPU.Build.0 = Debug|Any CPU
		{88F13E1E-82E3-40A2-B88E-8F93A48EF077}.Release|Any CPU.ActiveCfg = Release|Any CPU
		{88F13E1E-82E3-40A2-B88E-8F93A48EF077}.Release|Any CPU.Build.0 = Release|Any CPU
	EndGlobalSection
	GlobalSection(SolutionProperties) = preSolution
		HideSolutionNode = FALSE
	EndGlobalSection
	GlobalSection(ExtensibilityGlobals) = postSolution
		SolutionGuid = {D073B77B-3484-4223-915C-FF705F30DC66}
	EndGlobalSection
EndGlobal
